hash: 0db6a84f899be2f13e5629714c20795f8427da5610442d3a1303cd8ac163a0c3
updated: 2017-05-06T22:22:43.098911582+09:00
imports:
- name: github.com/bitly/go-simplejson
  version: aabad6e819789e569bd6aabf444c935aa9ba1e44
- name: github.com/mgutz/ansi
  version: c286dcecd19ff979eeb73ea444e479b903f2cfcb
- name: golang.org/x/net
  version: ebf4034c6712a18e9ed71fcbf3c723c9266ac088
  subpackages:
  - websocket
testImports: []
